
Microsoft Visual Studio Solution File, Format Version 12.00
# Visual Studio 14
VisualStudioVersion = 14.0.22823.1
MinimumVisualStudioVersion = 10.0.40219.1
Project("{FAE04EC0-301F-11D3-BF4B-00C04F79EFBC}") = "NugetServer", "NugetServer\NugetServer.csproj", "{8879ACD5-2D2D-421D-927D-27A2FE1B1953}"
EndProject
Project("{2150E333-8FDC-42A3-9474-1A3956D46DE8}") = "PublishScripts", "PublishScripts", "{BEC845BF-3156-4E44-A2E9-12A0F1107739}"
	ProjectSection(SolutionItems) = preProject
		PublishScripts\AzureWebsitePublishModule.psm1 = PublishScripts\AzureWebsitePublishModule.psm1
		PublishScripts\Publish-WebApplicationWebsite.ps1 = PublishScripts\Publish-WebApplicationWebsite.ps1
	EndProjectSection
EndProject
Project("{2150E333-8FDC-42A3-9474-1A3956D46DE8}") = "Configurations", "Configurations", "{46E0554E-65C5-42F6-9B2B-0C16CC056AEB}"
	ProjectSection(SolutionItems) = preProject
		PublishScripts\Configurations\NugetServer-WAWS-dev.json = PublishScripts\Configurations\NugetServer-WAWS-dev.json
	EndProjectSection
EndProject
Project("{2150E333-8FDC-42A3-9474-1A3956D46DE8}") = "Git", "Git", "{2254CF2C-3CE7-43BB-8456-757175886E8E}"
	ProjectSection(SolutionItems) = preProject
		.gitattributes = .gitattributes
		.gitignore = .gitignore
	EndProjectSection
EndProject
Global
	GlobalSection(SolutionConfigurationPlatforms) = preSolution
		Debug|Any CPU = Debug|Any CPU
		Release|Any CPU = Release|Any CPU
	EndGlobalSection
	GlobalSection(ProjectConfigurationPlatforms) = postSolution
		{8879ACD5-2D2D-421D-927D-27A2FE1B1953}.Debug|Any CPU.ActiveCfg = Debug|Any CPU
		{8879ACD5-2D2D-421D-927D-27A2FE1B1953}.Debug|Any CPU.Build.0 = Debug|Any CPU
		{8879ACD5-2D2D-421D-927D-27A2FE1B1953}.Release|Any CPU.ActiveCfg = Release|Any CPU
		{8879ACD5-2D2D-421D-927D-27A2FE1B1953}.Release|Any CPU.Build.0 = Release|Any CPU
		{8879ACD5-2D2D-421D-927D-27A2FE1B1953}.Release|Any CPU.Deploy.0 = Release|Any CPU
	EndGlobalSection
	GlobalSection(SolutionProperties) = preSolution
		HideSolutionNode = FALSE
	EndGlobalSection
	GlobalSection(NestedProjects) = preSolution
		{46E0554E-65C5-42F6-9B2B-0C16CC056AEB} = {BEC845BF-3156-4E44-A2E9-12A0F1107739}
	EndGlobalSection
EndGlobal
